
Microsoft Visual Studio Solution File, Format Version 12.00
# Visual Studio Version 16
VisualStudioVersion = 16.0.29102.190
MinimumVisualStudioVersion = 10.0.40219.1
Project("{8BC9CEB8-8B4A-11D0-8D11-00A0C91BC942}") = "MergeSort", "MergeSort\MergeSort.vcxproj", "{7763E725-5D92-4A45-8345-4B4D47459401}"
EndProject
Project("{8BC9CEB8-8B4A-11D0-8D11-00A0C91BC942}") = "BinarySearch", "BinarySearch\BinarySearch.vcxproj", "{FB35C540-B582-4075-A8C4-D6A3B6790F62}"
EndProject
Project("{8BC9CEB8-8B4A-11D0-8D11-00A0C91BC942}") = "BinaryTree", "BinaryTree\BinaryTree.vcxproj", "{0A8D2D5D-20E6-4592-903A-702A742A2833}"
EndProject
Global
	GlobalSection(SolutionConfigurationPlatforms) = preSolution
		Debug|x64 = Debug|x64
		Debug|x86 = Debug|x86
		Release|x64 = Release|x64
		Release|x86 = Release|x86
	EndGlobalSection
	GlobalSection(ProjectConfigurationPlatforms) = postSolution
		{7763E725-5D92-4A45-8345-4B4D47459401}.Debug|x64.ActiveCfg = Debug|x64
		{7763E725-5D92-4A45-8345-4B4D47459401}.Debug|x64.Build.0 = Debug|x64
		{7763E725-5D92-4A45-8345-4B4D47459401}.Debug|x86.ActiveCfg = Debug|Win32
		{7763E725-5D92-4A45-8345-4B4D47459401}.Debug|x86.Build.0 = Debug|Win32
		{7763E725-5D92-4A45-8345-4B4D47459401}.Release|x64.ActiveCfg = Release|x64
		{7763E725-5D92-4A45-8345-4B4D47459401}.Release|x64.Build.0 = Release|x64
		{7763E725-5D92-4A45-8345-4B4D47459401}.Release|x86.ActiveCfg = Release|Win32
		{7763E725-5D92-4A45-8345-4B4D47459401}.Release|x86.Build.0 = Release|Win32
		{FB35C540-B582-4075-A8C4-D6A3B6790F62}.Debug|x64.ActiveCfg = Debug|x64
		{FB35C540-B582-4075-A8C4-D6A3B6790F62}.Debug|x64.Build.0 = Debug|x64
		{FB35C540-B582-4075-A8C4-D6A3B6790F62}.Debug|x86.ActiveCfg = Debug|Win32
		{FB35C540-B582-4075-A8C4-D6A3B6790F62}.Debug|x86.Build.0 = Debug|Win32
		{FB35C540-B582-4075-A8C4-D6A3B6790F62}.Release|x64.ActiveCfg = Release|x64
		{FB35C540-B582-4075-A8C4-D6A3B6790F62}.Release|x64.Build.0 = Release|x64
		{FB35C540-B582-4075-A8C4-D6A3B6790F62}.Release|x86.ActiveCfg = Release|Win32
		{FB35C540-B582-4075-A8C4-D6A3B6790F62}.Release|x86.Build.0 = Release|Win32
		{0A8D2D5D-20E6-4592-903A-702A742A2833}.Debug|x64.ActiveCfg = Debug|x64
		{0A8D2D5D-20E6-4592-903A-702A742A2833}.Debug|x64.Build.0 = Debug|x64
		{0A8D2D5D-20E6-4592-903A-702A742A2833}.Debug|x86.ActiveCfg = Debug|Win32
		{0A8D2D5D-20E6-4592-903A-702A742A2833}.Debug|x86.Build.0 = Debug|Win32
		{0A8D2D5D-20E6-4592-903A-702A742A2833}.Release|x64.ActiveCfg = Release|x64
		{0A8D2D5D-20E6-4592-903A-702A742A2833}.Release|x64.Build.0 = Release|x64
		{0A8D2D5D-20E6-4592-903A-702A742A2833}.Release|x86.ActiveCfg = Release|Win32
		{0A8D2D5D-20E6-4592-903A-702A742A2833}.Release|x86.Build.0 = Release|Win32
	EndGlobalSection
	GlobalSection(SolutionProperties) = preSolution
		HideSolutionNode = FALSE
	EndGlobalSection
	GlobalSection(ExtensibilityGlobals) = postSolution
		SolutionGuid = {C6381ECE-ECD9-48A1-AB81-0C234D0350D7}
	EndGlobalSection
EndGlobal
